
Microsoft Visual Studio Solution File, Format Version 12.00
# Visual Studio Version 16
VisualStudioVersion = 16.0.31229.75
MinimumVisualStudioVersion = 10.0.40219.1
Project("{9A19103F-16F7-4668-BE54-9A1E7A4F7556}") = "Kurdi.AuthenticationServer", "Kurdi.AuthenticationServer\Kurdi.AuthenticationServer.csproj", "{0D440FE3-BA9B-4D52-BEC7-C45D9FF12E40}"
EndProject
Project("{FAE04EC0-301F-11D3-BF4B-00C04F79EFBC}") = "Kurdi.AuthenticationServer.Test", "Kurdi.AuthenticationServer.Test\Kurdi.AuthenticationServer.Test.csproj", "{9C40D5F3-12AC-44D0-B367-178650939D13}"
EndProject
Global
	GlobalSection(SolutionConfigurationPlatforms) = preSolution
		Debug|Any CPU = Debug|Any CPU
		Release|Any CPU = Release|Any CPU
	EndGlobalSection
	GlobalSection(ProjectConfigurationPlatforms) = postSolution
		{0D440FE3-BA9B-4D52-BEC7-C45D9FF12E40}.Debug|Any CPU.ActiveCfg = Debug|Any CPU
		{0D440FE3-BA9B-4D52-BEC7-C45D9FF12E40}.Debug|Any CPU.Build.0 = Debug|Any CPU
		{0D440FE3-BA9B-4D52-BEC7-C45D9FF12E40}.Release|Any CPU.ActiveCfg = Release|Any CPU
		{0D440FE3-BA9B-4D52-BEC7-C45D9FF12E40}.Release|Any CPU.Build.0 = Release|Any CPU
		{9C40D5F3-12AC-44D0-B367-178650939D13}.Debug|Any CPU.ActiveCfg = Debug|Any CPU
		{9C40D5F3-12AC-44D0-B367-178650939D13}.Debug|Any CPU.Build.0 = Debug|Any CPU
		{9C40D5F3-12AC-44D0-B367-178650939D13}.Release|Any CPU.ActiveCfg = Release|Any CPU
		{9C40D5F3-12AC-44D0-B367-178650939D13}.Release|Any CPU.Build.0 = Release|Any CPU
	EndGlobalSection
	GlobalSection(SolutionProperties) = preSolution
		HideSolutionNode = FALSE
	EndGlobalSection
	GlobalSection(ExtensibilityGlobals) = postSolution
		SolutionGuid = {F8B89EA7-8DF3-49B1-BF5C-BCE49782BB11}
	EndGlobalSection
EndGlobal
