
Microsoft Visual Studio Solution File, Format Version 12.00
# Visual Studio Version 17
VisualStudioVersion = 17.0.31903.59
MinimumVisualStudioVersion = 10.0.40219.1
Project("{FAE04EC0-301F-11D3-BF4B-00C04F79EFBC}") = "Kurdi.AuthenticationService.Api", "Kurdi.AuthenticationService.Api\Kurdi.AuthenticationService.Api.csproj", "{8CE19E90-31DF-43DD-8F0D-DC9D7F477CAC}"
EndProject
Project("{FAE04EC0-301F-11D3-BF4B-00C04F79EFBC}") = "Kurdi.AuthenticationService.Core", "Kurdi.AuthenticationService.Core\Kurdi.AuthenticationService.Core.csproj", "{4EAB22AC-5489-4769-BA36-DD72BDE5752C}"
EndProject
Project("{FAE04EC0-301F-11D3-BF4B-00C04F79EFBC}") = "Kurdi.AuthenticationService.Infrastructure", "Kurdi.AuthenticationService.Infrastructure\Kurdi.AuthenticationService.Infrastructure.csproj", "{F80260FF-5EDB-45D1-9AFC-70249B996CE3}"
EndProject
Project("{FAE04EC0-301F-11D3-BF4B-00C04F79EFBC}") = "Kurdi.AuthenticationService.Services", "Kurdi.AuthenticationService.Services\Kurdi.AuthenticationService.Services.csproj", "{E77B7EC4-BD1F-4AF1-BFCF-496E8CA49CDE}"
EndProject
Project("{FAE04EC0-301F-11D3-BF4B-00C04F79EFBC}") = "Kurdi.AuthenticationServiceTest", "Kurdi.AuthenticationService.Test\Kurdi.AuthenticationServiceTest.csproj", "{2D2381FA-CCDC-4515-926C-D0ACFBE45707}"
EndProject
Project("{FAE04EC0-301F-11D3-BF4B-00C04F79EFBC}") = "Kurdi.AuthenticationService.Shared", "Kurdi.AuthenticationService.Shared\Kurdi.AuthenticationService.Shared.csproj", "{058EF2E8-5732-4C08-AC66-FB411C8EB62B}"
EndProject
Project("{FAE04EC0-301F-11D3-BF4B-00C04F79EFBC}") = "ConsoleApp", "ConsoleApp\ConsoleApp.csproj", "{9B0B8E92-11C9-4920-9E91-7CB88B4CF801}"
EndProject
Global
	GlobalSection(SolutionConfigurationPlatforms) = preSolution
		Debug|Any CPU = Debug|Any CPU
		Release|Any CPU = Release|Any CPU
	EndGlobalSection
	GlobalSection(SolutionProperties) = preSolution
		HideSolutionNode = FALSE
	EndGlobalSection
	GlobalSection(ProjectConfigurationPlatforms) = postSolution
		{8CE19E90-31DF-43DD-8F0D-DC9D7F477CAC}.Debug|Any CPU.ActiveCfg = Debug|Any CPU
		{8CE19E90-31DF-43DD-8F0D-DC9D7F477CAC}.Debug|Any CPU.Build.0 = Debug|Any CPU
		{8CE19E90-31DF-43DD-8F0D-DC9D7F477CAC}.Release|Any CPU.ActiveCfg = Release|Any CPU
		{8CE19E90-31DF-43DD-8F0D-DC9D7F477CAC}.Release|Any CPU.Build.0 = Release|Any CPU
		{4EAB22AC-5489-4769-BA36-DD72BDE5752C}.Debug|Any CPU.ActiveCfg = Debug|Any CPU
		{4EAB22AC-5489-4769-BA36-DD72BDE5752C}.Debug|Any CPU.Build.0 = Debug|Any CPU
		{4EAB22AC-5489-4769-BA36-DD72BDE5752C}.Release|Any CPU.ActiveCfg = Release|Any CPU
		{4EAB22AC-5489-4769-BA36-DD72BDE5752C}.Release|Any CPU.Build.0 = Release|Any CPU
		{F80260FF-5EDB-45D1-9AFC-70249B996CE3}.Debug|Any CPU.ActiveCfg = Debug|Any CPU
		{F80260FF-5EDB-45D1-9AFC-70249B996CE3}.Debug|Any CPU.Build.0 = Debug|Any CPU
		{F80260FF-5EDB-45D1-9AFC-70249B996CE3}.Release|Any CPU.ActiveCfg = Release|Any CPU
		{F80260FF-5EDB-45D1-9AFC-70249B996CE3}.Release|Any CPU.Build.0 = Release|Any CPU
		{E77B7EC4-BD1F-4AF1-BFCF-496E8CA49CDE}.Debug|Any CPU.ActiveCfg = Debug|Any CPU
		{E77B7EC4-BD1F-4AF1-BFCF-496E8CA49CDE}.Debug|Any CPU.Build.0 = Debug|Any CPU
		{E77B7EC4-BD1F-4AF1-BFCF-496E8CA49CDE}.Release|Any CPU.ActiveCfg = Release|Any CPU
		{E77B7EC4-BD1F-4AF1-BFCF-496E8CA49CDE}.Release|Any CPU.Build.0 = Release|Any CPU
		{2D2381FA-CCDC-4515-926C-D0ACFBE45707}.Debug|Any CPU.ActiveCfg = Debug|Any CPU
		{2D2381FA-CCDC-4515-926C-D0ACFBE45707}.Debug|Any CPU.Build.0 = Debug|Any CPU
		{2D2381FA-CCDC-4515-926C-D0ACFBE45707}.Release|Any CPU.ActiveCfg = Release|Any CPU
		{2D2381FA-CCDC-4515-926C-D0ACFBE45707}.Release|Any CPU.Build.0 = Release|Any CPU
		{058EF2E8-5732-4C08-AC66-FB411C8EB62B}.Debug|Any CPU.ActiveCfg = Debug|Any CPU
		{058EF2E8-5732-4C08-AC66-FB411C8EB62B}.Debug|Any CPU.Build.0 = Debug|Any CPU
		{058EF2E8-5732-4C08-AC66-FB411C8EB62B}.Release|Any CPU.ActiveCfg = Release|Any CPU
		{058EF2E8-5732-4C08-AC66-FB411C8EB62B}.Release|Any CPU.Build.0 = Release|Any CPU
		{9B0B8E92-11C9-4920-9E91-7CB88B4CF801}.Debug|Any CPU.ActiveCfg = Debug|Any CPU
		{9B0B8E92-11C9-4920-9E91-7CB88B4CF801}.Debug|Any CPU.Build.0 = Debug|Any CPU
		{9B0B8E92-11C9-4920-9E91-7CB88B4CF801}.Release|Any CPU.ActiveCfg = Release|Any CPU
		{9B0B8E92-11C9-4920-9E91-7CB88B4CF801}.Release|Any CPU.Build.0 = Release|Any CPU
	EndGlobalSection
EndGlobal
